
Microsoft Visual Studio Solution File, Format Version 12.00
# Visual Studio Version 17
VisualStudioVersion = 17.8.34511.84
MinimumVisualStudioVersion = 10.0.40219.1
Project("{FAE04EC0-301F-11D3-BF4B-00C04F79EFBC}") = "Calculator GUI", "Calculator GUI\Calculator GUI.csproj", "{AC9CF108-2573-48F1-B1C7-5BF4AC256BAC}"
EndProject
Global
	GlobalSection(SolutionConfigurationPlatforms) = preSolution
		Debug|Any CPU = Debug|Any CPU
		Release|Any CPU = Release|Any CPU
	EndGlobalSection
	GlobalSection(ProjectConfigurationPlatforms) = postSolution
		{AC9CF108-2573-48F1-B1C7-5BF4AC256BAC}.Debug|Any CPU.ActiveCfg = Debug|Any CPU
		{AC9CF108-2573-48F1-B1C7-5BF4AC256BAC}.Debug|Any CPU.Build.0 = Debug|Any CPU
		{AC9CF108-2573-48F1-B1C7-5BF4AC256BAC}.Release|Any CPU.ActiveCfg = Release|Any CPU
		{AC9CF108-2573-48F1-B1C7-5BF4AC256BAC}.Release|Any CPU.Build.0 = Release|Any CPU
	EndGlobalSection
	GlobalSection(SolutionProperties) = preSolution
		HideSolutionNode = FALSE
	EndGlobalSection
	GlobalSection(ExtensibilityGlobals) = postSolution
		SolutionGuid = {959B7C51-ECBF-45C1-B944-21C1474C0D14}
	EndGlobalSection
EndGlobal
